
Microsoft Visual Studio Solution File, Format Version 12.00
# Visual Studio Version 17
VisualStudioVersion = 17.3.32811.315
MinimumVisualStudioVersion = 10.0.40219.1
Project("{9A19103F-16F7-4668-BE54-9A1E7A4F7556}") = "CalculatorProj", "CalculatorProj\CalculatorProj.csproj", "{2AE3341D-F283-415E-8128-B049CAF6C935}"
EndProject
Project("{9A19103F-16F7-4668-BE54-9A1E7A4F7556}") = "CalculatorProj.Core", "CalculatorProj.Core\CalculatorProj.Core.csproj", "{C02CFAC9-ED92-42E2-84D7-C522B1D335CD}"
EndProject
Project("{9A19103F-16F7-4668-BE54-9A1E7A4F7556}") = "CalculatorProj.WPF", "CalculatorProj.WPF\CalculatorProj.WPF.csproj", "{8C999EB5-6D21-44DB-BBE3-96C2C55D872A}"
EndProject
Project("{2150E333-8FDC-42A3-9474-1A3956D46DE8}") = "Tests", "Tests", "{B7A02440-A73C-44B5-B101-62DC9AE4055D}"
EndProject
Project("{9A19103F-16F7-4668-BE54-9A1E7A4F7556}") = "CalculatorProj.UITests", "Tests\CalculatorProj.UITests\CalculatorProj.UITests.csproj", "{ABEFC7AE-354B-4369-AF7D-F468FD2A7DD5}"
EndProject
Project("{9A19103F-16F7-4668-BE54-9A1E7A4F7556}") = "CalculatorProj.Tests", "Tests\CalculatorProj.Tests\CalculatorProj.Tests.csproj", "{53C2B60C-8E08-4E59-A5E8-86AAE6500708}"
EndProject
Global
	GlobalSection(SolutionConfigurationPlatforms) = preSolution
		Debug|Any CPU = Debug|Any CPU
		Release|Any CPU = Release|Any CPU
	EndGlobalSection
	GlobalSection(ProjectConfigurationPlatforms) = postSolution
		{2AE3341D-F283-415E-8128-B049CAF6C935}.Debug|Any CPU.ActiveCfg = Debug|Any CPU
		{2AE3341D-F283-415E-8128-B049CAF6C935}.Debug|Any CPU.Build.0 = Debug|Any CPU
		{2AE3341D-F283-415E-8128-B049CAF6C935}.Release|Any CPU.ActiveCfg = Release|Any CPU
		{2AE3341D-F283-415E-8128-B049CAF6C935}.Release|Any CPU.Build.0 = Release|Any CPU
		{C02CFAC9-ED92-42E2-84D7-C522B1D335CD}.Debug|Any CPU.ActiveCfg = Debug|Any CPU
		{C02CFAC9-ED92-42E2-84D7-C522B1D335CD}.Debug|Any CPU.Build.0 = Debug|Any CPU
		{C02CFAC9-ED92-42E2-84D7-C522B1D335CD}.Release|Any CPU.ActiveCfg = Release|Any CPU
		{C02CFAC9-ED92-42E2-84D7-C522B1D335CD}.Release|Any CPU.Build.0 = Release|Any CPU
		{8C999EB5-6D21-44DB-BBE3-96C2C55D872A}.Debug|Any CPU.ActiveCfg = Debug|Any CPU
		{8C999EB5-6D21-44DB-BBE3-96C2C55D872A}.Debug|Any CPU.Build.0 = Debug|Any CPU
		{8C999EB5-6D21-44DB-BBE3-96C2C55D872A}.Release|Any CPU.ActiveCfg = Release|Any CPU
		{8C999EB5-6D21-44DB-BBE3-96C2C55D872A}.Release|Any CPU.Build.0 = Release|Any CPU
		{ABEFC7AE-354B-4369-AF7D-F468FD2A7DD5}.Debug|Any CPU.ActiveCfg = Debug|Any CPU
		{ABEFC7AE-354B-4369-AF7D-F468FD2A7DD5}.Debug|Any CPU.Build.0 = Debug|Any CPU
		{ABEFC7AE-354B-4369-AF7D-F468FD2A7DD5}.Release|Any CPU.ActiveCfg = Release|Any CPU
		{ABEFC7AE-354B-4369-AF7D-F468FD2A7DD5}.Release|Any CPU.Build.0 = Release|Any CPU
		{53C2B60C-8E08-4E59-A5E8-86AAE6500708}.Debug|Any CPU.ActiveCfg = Debug|Any CPU
		{53C2B60C-8E08-4E59-A5E8-86AAE6500708}.Debug|Any CPU.Build.0 = Debug|Any CPU
		{53C2B60C-8E08-4E59-A5E8-86AAE6500708}.Release|Any CPU.ActiveCfg = Release|Any CPU
		{53C2B60C-8E08-4E59-A5E8-86AAE6500708}.Release|Any CPU.Build.0 = Release|Any CPU
	EndGlobalSection
	GlobalSection(SolutionProperties) = preSolution
		HideSolutionNode = FALSE
	EndGlobalSection
	GlobalSection(NestedProjects) = preSolution
		{ABEFC7AE-354B-4369-AF7D-F468FD2A7DD5} = {B7A02440-A73C-44B5-B101-62DC9AE4055D}
		{53C2B60C-8E08-4E59-A5E8-86AAE6500708} = {B7A02440-A73C-44B5-B101-62DC9AE4055D}
	EndGlobalSection
	GlobalSection(ExtensibilityGlobals) = postSolution
		SolutionGuid = {DFD24A86-05F9-49C4-9A7C-36A3B9687FC6}
	EndGlobalSection
EndGlobal
